
Microsoft Visual Studio Solution File, Format Version 12.00
Project("{FAE04EC0-301F-11D3-BF4B-00C04F79EFBC}") = "ConditionStatements1", "ConditionStatements1\ConditionStatements1.csproj", "{A73F9A93-EB6B-4DF7-BE92-FC29C8348B4E}"
EndProject
Project("{FAE04EC0-301F-11D3-BF4B-00C04F79EFBC}") = "ConditionStatementTests", "ConditionStatementTests\ConditionStatementTests.csproj", "{ECF7AF84-50E3-4908-8601-46536C5D2450}"
EndProject
Global
	GlobalSection(SolutionConfigurationPlatforms) = preSolution
		Debug|Any CPU = Debug|Any CPU
		Release|Any CPU = Release|Any CPU
	EndGlobalSection
	GlobalSection(ProjectConfigurationPlatforms) = postSolution
		{A73F9A93-EB6B-4DF7-BE92-FC29C8348B4E}.Debug|Any CPU.ActiveCfg = Debug|Any CPU
		{A73F9A93-EB6B-4DF7-BE92-FC29C8348B4E}.Debug|Any CPU.Build.0 = Debug|Any CPU
		{A73F9A93-EB6B-4DF7-BE92-FC29C8348B4E}.Release|Any CPU.ActiveCfg = Release|Any CPU
		{A73F9A93-EB6B-4DF7-BE92-FC29C8348B4E}.Release|Any CPU.Build.0 = Release|Any CPU
		{ECF7AF84-50E3-4908-8601-46536C5D2450}.Debug|Any CPU.ActiveCfg = Debug|Any CPU
		{ECF7AF84-50E3-4908-8601-46536C5D2450}.Debug|Any CPU.Build.0 = Debug|Any CPU
		{ECF7AF84-50E3-4908-8601-46536C5D2450}.Release|Any CPU.ActiveCfg = Release|Any CPU
		{ECF7AF84-50E3-4908-8601-46536C5D2450}.Release|Any CPU.Build.0 = Release|Any CPU
	EndGlobalSection
EndGlobal
